// !$*UTF8*$!
{
	archiveVersion = 1;
	classes = {
	};
	objectVersion = 56;
	objects = {

/* Begin PBXBuildFile section */
		2D064E262ABF294A005A0B24 /* AppDelegate.swift in Sources */ = {isa = PBXBuildFile; fileRef = 2D064E252ABF294A005A0B24 /* AppDelegate.swift */; };
		2D064E282ABF294A005A0B24 /* SceneDelegate.swift in Sources */ = {isa = PBXBuildFile; fileRef = 2D064E272ABF294A005A0B24 /* SceneDelegate.swift */; };
		2D064E2A2ABF294A005A0B24 /* ViewController.swift in Sources */ = {isa = PBXBuildFile; fileRef = 2D064E292ABF294A005A0B24 /* ViewController.swift */; };
		2D064E2D2ABF294A005A0B24 /* Main.storyboard in Resources */ = {isa = PBXBuildFile; fileRef = 2D064E2B2ABF294A005A0B24 /* Main.storyboard */; };
		2D064E2F2ABF294A005A0B24 /* Assets.xcassets in Resources */ = {isa = PBXBuildFile; fileRef = 2D064E2E2ABF294A005A0B24 /* Assets.xcassets */; };
		2D064E322ABF294A005A0B24 /* LaunchScreen.storyboard in Resources */ = {isa = PBXBuildFile; fileRef = 2D064E302ABF294A005A0B24 /* LaunchScreen.storyboard */; };
		2D064E3D2ABF294B005A0B24 /* Lab_03Tests.swift in Sources */ = {isa = PBXBuildFile; fileRef = 2D064E3C2ABF294B005A0B24 /* Lab_03Tests.swift */; };
		2D064E472ABF294B005A0B24 /* Lab_03UITests.swift in Sources */ = {isa = PBXBuildFile; fileRef = 2D064E462ABF294B005A0B24 /* Lab_03UITests.swift */; };
		2D064E492ABF294B005A0B24 /* Lab_03UITestsLaunchTests.swift in Sources */ = {isa = PBXBuildFile; fileRef = 2D064E482ABF294B005A0B24 /* Lab_03UITestsLaunchTests.swift */; };
/* End PBXBuildFile section */

/* Begin PBXContainerItemProxy section */
		2D064E392ABF294B005A0B24 /* PBXContainerItemProxy */ = {
			isa = PBXContainerItemProxy;
			containerPortal = 2D064E1A2ABF294A005A0B24 /* Project object */;
			proxyType = 1;
			remoteGlobalIDString = 2D064E212ABF294A005A0B24;
			remoteInfo = Lab_03;
		};
		2D064E432ABF294B005A0B24 /* PBXContainerItemProxy */ = {
			isa = PBXContainerItemProxy;
			containerPortal = 2D064E1A2ABF294A005A0B24 /* Project object */;
			proxyType = 1;
			remoteGlobalIDString = 2D064E212ABF294A005A0B24;
			remoteInfo = Lab_03;
		};
/* End PBXContainerItemProxy section */

/* Begin PBXFileReference section */
		2D064E222ABF294A005A0B24 /* Lab_03.app */ = {isa = PBXFileReference; explicitFileType = wrapper.application; includeInIndex = 0; path = Lab_03.app; sourceTree = BUILT_PRODUCTS_DIR; };
		2D064E252ABF294A005A0B24 /* AppDelegate.swift */ = {isa = PBXFileReference; lastKnownFileType = sourcecode.swift; path = AppDelegate.swift; sourceTree = "<group>"; };
		2D064E272ABF294A005A0B24 /* SceneDelegate.swift */ = {isa = PBXFileReference; lastKnownFileType = sourcecode.swift; path = SceneDelegate.swift; sourceTree = "<group>"; };
		2D064E292ABF294A005A0B24 /* ViewController.swift */ = {isa = PBXFileReference; lastKnownFileType = sourcecode.swift; path = ViewController.swift; sourceTree = "<group>"; };
		2D064E2C2ABF294A005A0B24 /* Base */ = {isa = PBXFileReference; lastKnownFileType = file.storyboard; name = Base; path = Base.lproj/Main.storyboard; sourceTree = "<group>"; };
		2D064E2E2ABF294A005A0B24 /* Assets.xcassets */ = {isa = PBXFileReference; lastKnownFileType = folder.assetcatalog; path = Assets.xcassets; sourceTree = "<group>"; };
		2D064E312ABF294A005A0B24 /* Base */ = {isa = PBXFileReference; lastKnownFileType = file.storyboard; name = Base; path = Base.lproj/LaunchScreen.storyboard; sourceTree = "<group>"; };
		2D064E332ABF294A005A0B24 /* Info.plist */ = {isa = PBXFileReference; lastKnownFileType = text.plist.xml; path = Info.plist; sourceTree = "<group>"; };
		2D064E382ABF294B005A0B24 /* Lab_03Tests.xctest */ = {isa = PBXFileReference; explicitFileType = wrapper.cfbundle; includeInIndex = 0; path = Lab_03Tests.xctest; sourceTree = BUILT_PRODUCTS_DIR; };
		2D064E3C2ABF294B005A0B24 /* Lab_03Tests.swift */ = {isa = PBXFileReference; lastKnownFileType = sourcecode.swift; path = Lab_03Tests.swift; sourceTree = "<group>"; };
		2D064E422ABF294B005A0B24 /* Lab_03UITests.xctest */ = {isa = PBXFileReference; explicitFileType = wrapper.cfbundle; includeInIndex = 0; path = Lab_03UITests.xctest; sourceTree = BUILT_PRODUCTS_DIR; };
		2D064E462ABF294B005A0B24 /* Lab_03UITests.swift */ = {isa = PBXFileReference; lastKnownFileType = sourcecode.swift; path = Lab_03UITests.swift; sourceTree = "<group>"; };
		2D064E482ABF294B005A0B24 /* Lab_03UITestsLaunchTests.swift */ = {isa = PBXFileReference; lastKnownFileType = sourcecode.swift; path = Lab_03UITestsLaunchTests.swift; sourceTree = "<group>"; };
/* End PBXFileReference section */

/* Begin PBXFrameworksBuildPhase section */
		2D064E1F2ABF294A005A0B24 /* Frameworks */ = {
			isa = PBXFrameworksBuildPhase;
			buildActionMask = 2147483647;
			files = (
			);
			runOnlyForDeploymentPostprocessing = 0;
		};
		2D064E352ABF294B005A0B24 /* Frameworks */ = {
			isa = PBXFrameworksBuildPhase;
			buildActionMask = 2147483647;
			files = (
			);
			runOnlyForDeploymentPostprocessing = 0;
		};
		2D064E3F2ABF294B005A0B24 /* Frameworks */ = {
			isa = PBXFrameworksBuildPhase;
			buildActionMask = 2147483647;
			files = (
			);
			runOnlyForDeploymentPostprocessing = 0;
		};
/* End PBXFrameworksBuildPhase section */

/* Begin PBXGroup section */
		2D064E192ABF294A005A0B24 = {
			isa = PBXGroup;
			children = (
				2D064E242ABF294A005A0B24 /* Lab_03 */,
				2D064E3B2ABF294B005A0B24 /* Lab_03Tests */,
				2D064E452ABF294B005A0B24 /* Lab_03UITests */,
				2D064E232ABF294A005A0B24 /* Products */,
			);
			sourceTree = "<group>";
		};
		2D064E232ABF294A005A0B24 /* Products */ = {
			isa = PBXGroup;
			children = (
				2D064E222ABF294A005A0B24 /* Lab_03.app */,
				2D064E382ABF294B005A0B24 /* Lab_03Tests.xctest */,
				2D064E422ABF294B005A0B24 /* Lab_03UITests.xctest */,
			);
			name = Products;
			sourceTree = "<group>";
		};
		2D064E242ABF294A005A0B24 /* Lab_03 */ = {
			isa = PBXGroup;
			children = (
				2D064E252ABF294A005A0B24 /* AppDelegate.swift */,
				2D064E272ABF294A005A0B24 /* SceneDelegate.swift */,
				2D064E292ABF294A005A0B24 /* ViewController.swift */,
				2D064E2B2ABF294A005A0B24 /* Main.storyboard */,
				2D064E2E2ABF294A005A0B24 /* Assets.xcassets */,
				2D064E302ABF294A005A0B24 /* LaunchScreen.storyboard */,
				2D064E332ABF294A005A0B24 /* Info.plist */,
			);
			path = Lab_03;
			sourceTree = "<group>";
		};
		2D064E3B2ABF294B005A0B24 /* Lab_03Tests */ = {
			isa = PBXGroup;
			children = (
				2D064E3C2ABF294B005A0B24 /* Lab_03Tests.swift */,
			);
			path = Lab_03Tests;
			sourceTree = "<group>";
		};
		2D064E452ABF294B005A0B24 /* Lab_03UITests */ = {
			isa = PBXGroup;
			children = (
				2D064E462ABF294B005A0B24 /* Lab_03UITests.swift */,
				2D064E482ABF294B005A0B24 /* Lab_03UITestsLaunchTests.swift */,
			);
			path = Lab_03UITests;
			sourceTree = "<group>";
		};
/* End PBXGroup section */

/* Begin PBXNativeTarget section */
		2D064E212ABF294A005A0B24 /* Lab_03 */ = {
			isa = PBXNativeTarget;
			buildConfigurationList = 2D064E4C2ABF294B005A0B24 /* Build configuration list for PBXNativeTarget "Lab_03" */;
			buildPhases = (
				2D064E1E2ABF294A005A0B24 /* Sources */,
				2D064E1F2ABF294A005A0B24 /* Frameworks */,
				2D064E202ABF294A005A0B24 /* Resources */,
			);
			buildRules = (
			);
			dependencies = (
			);
			name = Lab_03;
			productName = Lab_03;
			productReference = 2D064E222ABF294A005A0B24 /* Lab_03.app */;
			productType = "com.apple.product-type.application";
		};
		2D064E372ABF294B005A0B24 /* Lab_03Tests */ = {
			isa = PBXNativeTarget;
			buildConfigurationList = 2D064E4F2ABF294B005A0B24 /* Build configuration list for PBXNativeTarget "Lab_03Tests" */;
			buildPhases = (
				2D064E342ABF294B005A0B24 /* Sources */,
				2D064E352ABF294B005A0B24 /* Frameworks */,
				2D064E362ABF294B005A0B24 /* Resources */,
			);
			buildRules = (
			);
			dependencies = (
				2D064E3A2ABF294B005A0B24 /* PBXTargetDependency */,
			);
			name = Lab_03Tests;
			productName = Lab_03Tests;
			productReference = 2D064E382ABF294B005A0B24 /* Lab_03Tests.xctest */;
			productType = "com.apple.product-type.bundle.unit-test";
		};
		2D064E412ABF294B005A0B24 /* Lab_03UITests */ = {
			isa = PBXNativeTarget;
			buildConfigurationList = 2D064E522ABF294B005A0B24 /* Build configuration list for PBXNativeTarget "Lab_03UITests" */;
			buildPhases = (
				2D064E3E2ABF294B005A0B24 /* Sources */,
				2D064E3F2ABF294B005A0B24 /* Frameworks */,
				2D064E402ABF294B005A0B24 /* Resources */,
			);
			buildRules = (
			);
			dependencies = (
				2D064E442ABF294B005A0B24 /* PBXTargetDependency */,
			);
			name = Lab_03UITests;
			productName = Lab_03UITests;
			productReference = 2D064E422ABF294B005A0B24 /* Lab_03UITests.xctest */;
			productType = "com.apple.product-type.bundle.ui-testing";
		};
/* End PBXNativeTarget section */

/* Begin PBXProject section */
		2D064E1A2ABF294A005A0B24 /* Project object */ = {
			isa = PBXProject;
			attributes = {
				BuildIndependentTargetsInParallel = 1;
				LastSwiftUpdateCheck = 1420;
				LastUpgradeCheck = 1420;
				TargetAttributes = {
					2D064E212ABF294A005A0B24 = {
						CreatedOnToolsVersion = 14.2;
					};
					2D064E372ABF294B005A0B24 = {
						CreatedOnToolsVersion = 14.2;
						TestTargetID = 2D064E212ABF294A005A0B24;
					};
					2D064E412ABF294B005A0B24 = {
						CreatedOnToolsVersion = 14.2;
						TestTargetID = 2D064E212ABF294A005A0B24;
					};
				};
			};
			buildConfigurationList = 2D064E1D2ABF294A005A0B24 /* Build configuration list for PBXProject "Lab_03" */;
			compatibilityVersion = "Xcode 14.0";
			developmentRegion = en;
			hasScannedForEncodings = 0;
			knownRegions = (
				en,
				Base,
			);
			mainGroup = 2D064E192ABF294A005A0B24;
			productRefGroup = 2D064E232ABF294A005A0B24 /* Products */;
			projectDirPath = "";
			projectRoot = "";
			targets = (
				2D064E212ABF294A005A0B24 /* Lab_03 */,
				2D064E372ABF294B005A0B24 /* Lab_03Tests */,
				2D064E412ABF294B005A0B24 /* Lab_03UITests */,
			);
		};
/* End PBXProject section */

/* Begin PBXResourcesBuildPhase section */
		2D064E202ABF294A005A0B24 /* Resources */ = {
			isa = PBXResourcesBuildPhase;
			buildActionMask = 2147483647;
			files = (
				2D064E322ABF294A005A0B24 /* LaunchScreen.storyboard in Resources */,
				2D064E2F2ABF294A005A0B24 /* Assets.xcassets in Resources */,
				2D064E2D2ABF294A005A0B24 /* Main.storyboard in Resources */,
			);
			runOnlyForDeploymentPostprocessing = 0;
		};
		2D064E362ABF294B005A0B24 /* Resources */ = {
			isa = PBXResourcesBuildPhase;
			buildActionMask = 2147483647;
			files = (
			);
			runOnlyForDeploymentPostprocessing = 0;
		};
		2D064E402ABF294B005A0B24 /* Resources */ = {
			isa = PBXResourcesBuildPhase;
			buildActionMask = 2147483647;
			files = (
			);
			runOnlyForDeploymentPostprocessing = 0;
		};
/* End PBXResourcesBuildPhase section */

/* Begin PBXSourcesBuildPhase section */
		2D064E1E2ABF294A005A0B24 /* Sources */ = {
			isa = PBXSourcesBuildPhase;
			buildActionMask = 2147483647;
			files = (
				2D064E2A2ABF294A005A0B24 /* ViewController.swift in Sources */,
				2D064E262ABF294A005A0B24 /* AppDelegate.swift in Sources */,
				2D064E282ABF294A005A0B24 /* SceneDelegate.swift in Sources */,
			);
			runOnlyForDeploymentPostprocessing = 0;
		};
		2D064E342ABF294B005A0B24 /* Sources */ = {
			isa = PBXSourcesBuildPhase;
			buildActionMask = 2147483647;
			files = (
				2D064E3D2ABF294B005A0B24 /* Lab_03Tests.swift in Sources */,
			);
			runOnlyForDeploymentPostprocessing = 0;
		};
		2D064E3E2ABF294B005A0B24 /* Sources */ = {
			isa = PBXSourcesBuildPhase;
			buildActionMask = 2147483647;
			files = (
				2D064E472ABF294B005A0B24 /* Lab_03UITests.swift in Sources */,
				2D064E492ABF294B005A0B24 /* Lab_03UITestsLaunchTests.swift in Sources */,
			);
			runOnlyForDeploymentPostprocessing = 0;
		};
/* End PBXSourcesBuildPhase section */

/* Begin PBXTargetDependency section */
		2D064E3A2ABF294B005A0B24 /* PBXTargetDependency */ = {
			isa = PBXTargetDependency;
			target = 2D064E212ABF294A005A0B24 /* Lab_03 */;
			targetProxy = 2D064E392ABF294B005A0B24 /* PBXContainerItemProxy */;
		};
		2D064E442ABF294B005A0B24 /* PBXTargetDependency */ = {
			isa = PBXTargetDependency;
			target = 2D064E212ABF294A005A0B24 /* Lab_03 */;
			targetProxy = 2D064E432ABF294B005A0B24 /* PBXContainerItemProxy */;
		};
/* End PBXTargetDependency section */

/* Begin PBXVariantGroup section */
		2D064E2B2ABF294A005A0B24 /* Main.storyboard */ = {
			isa = PBXVariantGroup;
			children = (
				2D064E2C2ABF294A005A0B24 /* Base */,
			);
			name = Main.storyboard;
			sourceTree = "<group>";
		};
		2D064E302ABF294A005A0B24 /* LaunchScreen.storyboard */ = {
			isa = PBXVariantGroup;
			children = (
				2D064E312ABF294A005A0B24 /* Base */,
			);
			name = LaunchScreen.storyboard;
			sourceTree = "<group>";
		};
/* End PBXVariantGroup section */

/* Begin XCBuildConfiguration section */
		2D064E4A2ABF294B005A0B24 /* Debug */ = {
			isa = XCBuildConfiguration;
			buildSettings = {
				ALWAYS_SEARCH_USER_PATHS = NO;
				CLANG_ANALYZER_NONNULL = YES;
				CLANG_ANALYZER_NUMBER_OBJECT_CONVERSION = YES_AGGRESSIVE;
				CLANG_CXX_LANGUAGE_STANDARD = "gnu++20";
				CLANG_ENABLE_MODULES = YES;
				CLANG_ENABLE_OBJC_ARC = YES;
				CLANG_ENABLE_OBJC_WEAK = YES;
				CLANG_WARN_BLOCK_CAPTURE_AUTORELEASING = YES;
				CLANG_WARN_BOOL_CONVERSION = YES;
				CLANG_WARN_COMMA = YES;
				CLANG_WARN_CONSTANT_CONVERSION = YES;
				CLANG_WARN_DEPRECATED_OBJC_IMPLEMENTATIONS = YES;
				CLANG_WARN_DIRECT_OBJC_ISA_USAGE = YES_ERROR;
				CLANG_WARN_DOCUMENTATION_COMMENTS = YES;
				CLANG_WARN_EMPTY_BODY = YES;
				CLANG_WARN_ENUM_CONVERSION = YES;
				CLANG_WARN_INFINITE_RECURSION = YES;
				CLANG_WARN_INT_CONVERSION = YES;
				CLANG_WARN_NON_LITERAL_NULL_CONVERSION = YES;
				CLANG_WARN_OBJC_IMPLICIT_RETAIN_SELF = YES;
				CLANG_WARN_OBJC_LITERAL_CONVERSION = YES;
				CLANG_WARN_OBJC_ROOT_CLASS = YES_ERROR;
				CLANG_WARN_QUOTED_INCLUDE_IN_FRAMEWORK_HEADER = YES;
				CLANG_WARN_RANGE_LOOP_ANALYSIS = YES;
				CLANG_WARN_STRICT_PROTOTYPES = YES;
				CLANG_WARN_SUSPICIOUS_MOVE = YES;
				CLANG_WARN_UNGUARDED_AVAILABILITY = YES_AGGRESSIVE;
				CLANG_WARN_UNREACHABLE_CODE = YES;
				CLANG_WARN__DUPLICATE_METHOD_MATCH = YES;
				COPY_PHASE_STRIP = NO;
				DEBUG_INFORMATION_FORMAT = dwarf;
				ENABLE_STRICT_OBJC_MSGSEND = YES;
				ENABLE_TESTABILITY = YES;
				GCC_C_LANGUAGE_STANDARD = gnu11;
				GCC_DYNAMIC_NO_PIC = NO;
				GCC_NO_COMMON_BLOCKS = YES;
				GCC_OPTIMIZATION_LEVEL = 0;
				GCC_PREPROCESSOR_DEFINITIONS = (
					"DEBUG=1",
					"$(inherited)",
				);
				GCC_WARN_64_TO_32_BIT_CONVERSION = YES;
				GCC_WARN_ABOUT_RETURN_TYPE = YES_ERROR;
				GCC_WARN_UNDECLARED_SELECTOR = YES;
				GCC_WARN_UNINITIALIZED_AUTOS = YES_AGGRESSIVE;
				GCC_WARN_UNUSED_FUNCTION = YES;
				GCC_WARN_UNUSED_VARIABLE = YES;
				IPHONEOS_DEPLOYMENT_TARGET = 16.2;
				MTL_ENABLE_DEBUG_INFO = INCLUDE_SOURCE;
				MTL_FAST_MATH = YES;
				ONLY_ACTIVE_ARCH = YES;
				SDKROOT = iphoneos;
				SWIFT_ACTIVE_COMPILATION_CONDITIONS = DEBUG;
				SWIFT_OPTIMIZATION_LEVEL = "-Onone";
			};
			name = Debug;
		};
		2D064E4B2ABF294B005A0B24 /* Release */ = {
			isa = XCBuildConfiguration;
			buildSettings = {
				ALWAYS_SEARCH_USER_PATHS = NO;
				CLANG_ANALYZER_NONNULL = YES;
				CLANG_ANALYZER_NUMBER_OBJECT_CONVERSION = YES_AGGRESSIVE;
				CLANG_CXX_LANGUAGE_STANDARD = "gnu++20";
				CLANG_ENABLE_MODULES = YES;
				CLANG_ENABLE_OBJC_ARC = YES;
				CLANG_ENABLE_OBJC_WEAK = YES;
				CLANG_WARN_BLOCK_CAPTURE_AUTORELEASING = YES;
				CLANG_WARN_BOOL_CONVERSION = YES;
				CLANG_WARN_COMMA = YES;
				CLANG_WARN_CONSTANT_CONVERSION = YES;
				CLANG_WARN_DEPRECATED_OBJC_IMPLEMENTATIONS = YES;
				CLANG_WARN_DIRECT_OBJC_ISA_USAGE = YES_ERROR;
				CLANG_WARN_DOCUMENTATION_COMMENTS = YES;
				CLANG_WARN_EMPTY_BODY = YES;
				CLANG_WARN_ENUM_CONVERSION = YES;
				CLANG_WARN_INFINITE_RECURSION = YES;
				CLANG_WARN_INT_CONVERSION = YES;
				CLANG_WARN_NON_LITERAL_NULL_CONVERSION = YES;
				CLANG_WARN_OBJC_IMPLICIT_RETAIN_SELF = YES;
				CLANG_WARN_OBJC_LITERAL_CONVERSION = YES;
				CLANG_WARN_OBJC_ROOT_CLASS = YES_ERROR;
				CLANG_WARN_QUOTED_INCLUDE_IN_FRAMEWORK_HEADER = YES;
				CLANG_WARN_RANGE_LOOP_ANALYSIS = YES;
				CLANG_WARN_STRICT_PROTOTYPES = YES;
				CLANG_WARN_SUSPICIOUS_MOVE = YES;
				CLANG_WARN_UNGUARDED_AVAILABILITY = YES_AGGRESSIVE;
				CLANG_WARN_UNREACHABLE_CODE = YES;
				CLANG_WARN__DUPLICATE_METHOD_MATCH = YES;
				COPY_PHASE_STRIP = NO;
				DEBUG_INFORMATION_FORMAT = "dwarf-with-dsym";
				ENABLE_NS_ASSERTIONS = NO;
				ENABLE_STRICT_OBJC_MSGSEND = YES;
				GCC_C_LANGUAGE_STANDARD = gnu11;
				GCC_NO_COMMON_BLOCKS = YES;
				GCC_WARN_64_TO_32_BIT_CONVERSION = YES;
				GCC_WARN_ABOUT_RETURN_TYPE = YES_ERROR;
				GCC_WARN_UNDECLARED_SELECTOR = YES;
				GCC_WARN_UNINITIALIZED_AUTOS = YES_AGGRESSIVE;
				GCC_WARN_UNUSED_FUNCTION = YES;
				GCC_WARN_UNUSED_VARIABLE = YES;
				IPHONEOS_DEPLOYMENT_TARGET = 16.2;
				MTL_ENABLE_DEBUG_INFO = NO;
				MTL_FAST_MATH = YES;
				SDKROOT = iphoneos;
				SWIFT_COMPILATION_MODE = wholemodule;
				SWIFT_OPTIMIZATION_LEVEL = "-O";
				VALIDATE_PRODUCT = YES;
			};
			name = Release;
		};
		2D064E4D2ABF294B005A0B24 /* Debug */ = {
			isa = XCBuildConfiguration;
			buildSettings = {
				ASSETCATALOG_COMPILER_APPICON_NAME = AppIcon;
				ASSETCATALOG_COMPILER_GLOBAL_ACCENT_COLOR_NAME = AccentColor;
				CODE_SIGN_STYLE = Automatic;
				CURRENT_PROJECT_VERSION = 1;
				GENERATE_INFOPLIST_FILE = YES;
				INFOPLIST_FILE = Lab_03/Info.plist;
				INFOPLIST_KEY_UIApplicationSupportsIndirectInputEvents = YES;
				INFOPLIST_KEY_UILaunchStoryboardName = LaunchScreen;
				INFOPLIST_KEY_UIMainStoryboardFile = Main;
				INFOPLIST_KEY_UISupportedInterfaceOrientations_iPad = "UIInterfaceOrientationPortrait UIInterfaceOrientationPortraitUpsideDown UIInterfaceOrientationLandscapeLeft UIInterfaceOrientationLandscapeRight";
				INFOPLIST_KEY_UISupportedInterfaceOrientations_iPhone = "UIInterfaceOrientationPortrait UIInterfaceOrientationLandscapeLeft UIInterfaceOrientationLandscapeRight";
				LD_RUNPATH_SEARCH_PATHS = (
					"$(inherited)",
					"@executable_path/Frameworks",
				);
				MARKETING_VERSION = 1.0;
				PRODUCT_BUNDLE_IDENTIFIER = "Shanshihan.Lab-03";
				PRODUCT_NAME = "$(TARGET_NAME)";
				SWIFT_EMIT_LOC_STRINGS = YES;
				SWIFT_VERSION = 5.0;
				TARGETED_DEVICE_FAMILY = "1,2";
			};
			name = Debug;
		};
		2D064E4E2ABF294B005A0B24 /* Release */ = {
			isa = XCBuildConfiguration;
			buildSettings = {
				ASSETCATALOG_COMPILER_APPICON_NAME = AppIcon;
				ASSETCATALOG_COMPILER_GLOBAL_ACCENT_COLOR_NAME = AccentColor;
				CODE_SIGN_STYLE = Automatic;
				CURRENT_PROJECT_VERSION = 1;
				GENERATE_INFOPLIST_FILE = YES;
				INFOPLIST_FILE = Lab_03/Info.plist;
				INFOPLIST_KEY_UIApplicationSupportsIndirectInputEvents = YES;
				INFOPLIST_KEY_UILaunchStoryboardName = LaunchScreen;
				INFOPLIST_KEY_UIMainStoryboardFile = Main;
				INFOPLIST_KEY_UISupportedInterfaceOrientations_iPad = "UIInterfaceOrientationPortrait UIInterfaceOrientationPortraitUpsideDown UIInterfaceOrientationLandscapeLeft UIInterfaceOrientationLandscapeRight";
				INFOPLIST_KEY_UISupportedInterfaceOrientations_iPhone = "UIInterfaceOrientationPortrait UIInterfaceOrientationLandscapeLeft UIInterfaceOrientationLandscapeRight";
				LD_RUNPATH_SEARCH_PATHS = (
					"$(inherited)",
					"@executable_path/Frameworks",
				);
				MARKETING_VERSION = 1.0;
				PRODUCT_BUNDLE_IDENTIFIER = "Shanshihan.Lab-03";
				PRODUCT_NAME = "$(TARGET_NAME)";
				SWIFT_EMIT_LOC_STRINGS = YES;
				SWIFT_VERSION = 5.0;
				TARGETED_DEVICE_FAMILY = "1,2";
			};
			name = Release;
		};
		2D064E502ABF294B005A0B24 /* Debug */ = {
			isa = XCBuildConfiguration;
			buildSettings = {
				ALWAYS_EMBED_SWIFT_STANDARD_LIBRARIES = YES;
				BUNDLE_LOADER = "$(TEST_HOST)";
				CODE_SIGN_STYLE = Automatic;
				CURRENT_PROJECT_VERSION = 1;
				GENERATE_INFOPLIST_FILE = YES;
				IPHONEOS_DEPLOYMENT_TARGET = 16.2;
				MARKETING_VERSION = 1.0;
				PRODUCT_BUNDLE_IDENTIFIER = "Shanshihan.Lab-03Tests";
				PRODUCT_NAME = "$(TARGET_NAME)";
				SWIFT_EMIT_LOC_STRINGS = NO;
				SWIFT_VERSION = 5.0;
				TARGETED_DEVICE_FAMILY = "1,2";
				TEST_HOST = "$(BUILT_PRODUCTS_DIR)/Lab_03.app/$(BUNDLE_EXECUTABLE_FOLDER_PATH)/Lab_03";
			};
			name = Debug;
		};
		2D064E512ABF294B005A0B24 /* Release */ = {
			isa = XCBuildConfiguration;
			buildSettings = {
				ALWAYS_EMBED_SWIFT_STANDARD_LIBRARIES = YES;
				BUNDLE_LOADER = "$(TEST_HOST)";
				CODE_SIGN_STYLE = Automatic;
				CURRENT_PROJECT_VERSION = 1;
				GENERATE_INFOPLIST_FILE = YES;
				IPHONEOS_DEPLOYMENT_TARGET = 16.2;
				MARKETING_VERSION = 1.0;
				PRODUCT_BUNDLE_IDENTIFIER = "Shanshihan.Lab-03Tests";
				PRODUCT_NAME = "$(TARGET_NAME)";
				SWIFT_EMIT_LOC_STRINGS = NO;
				SWIFT_VERSION = 5.0;
				TARGETED_DEVICE_FAMILY = "1,2";
				TEST_HOST = "$(BUILT_PRODUCTS_DIR)/Lab_03.app/$(BUNDLE_EXECUTABLE_FOLDER_PATH)/Lab_03";
			};
			name = Release;
		};
		2D064E532ABF294B005A0B24 /* Debug */ = {
			isa = XCBuildConfiguration;
			buildSettings = {
				ALWAYS_EMBED_SWIFT_STANDARD_LIBRARIES = YES;
				CODE_SIGN_STYLE = Automatic;
				CURRENT_PROJECT_VERSION = 1;
				GENERATE_INFOPLIST_FILE = YES;
				MARKETING_VERSION = 1.0;
				PRODUCT_BUNDLE_IDENTIFIER = "Shanshihan.Lab-03UITests";
				PRODUCT_NAME = "$(TARGET_NAME)";
				SWIFT_EMIT_LOC_STRINGS = NO;
				SWIFT_VERSION = 5.0;
				TARGETED_DEVICE_FAMILY = "1,2";
				TEST_TARGET_NAME = Lab_03;
			};
			name = Debug;
		};
		2D064E542ABF294B005A0B24 /* Release */ = {
			isa = XCBuildConfiguration;
			buildSettings = {
				ALWAYS_EMBED_SWIFT_STANDARD_LIBRARIES = YES;
				CODE_SIGN_STYLE = Automatic;
				CURRENT_PROJECT_VERSION = 1;
				GENERATE_INFOPLIST_FILE = YES;
				MARKETING_VERSION = 1.0;
				PRODUCT_BUNDLE_IDENTIFIER = "Shanshihan.Lab-03UITests";
				PRODUCT_NAME = "$(TARGET_NAME)";
				SWIFT_EMIT_LOC_STRINGS = NO;
				SWIFT_VERSION = 5.0;
				TARGETED_DEVICE_FAMILY = "1,2";
				TEST_TARGET_NAME = Lab_03;
			};
			name = Release;
		};
/* End XCBuildConfiguration section */

/* Begin XCConfigurationList section */
		2D064E1D2ABF294A005A0B24 /* Build configuration list for PBXProject "Lab_03" */ = {
			isa = XCConfigurationList;
			buildConfigurations = (
				2D064E4A2ABF294B005A0B24 /* Debug */,
				2D064E4B2ABF294B005A0B24 /* Release */,
			);
			defaultConfigurationIsVisible = 0;
			defaultConfigurationName = Release;
		};
		2D064E4C2ABF294B005A0B24 /* Build configuration list for PBXNativeTarget "Lab_03" */ = {
			isa = XCConfigurationList;
			buildConfigurations = (
				2D064E4D2ABF294B005A0B24 /* Debug */,
				2D064E4E2ABF294B005A0B24 /* Release */,
			);
			defaultConfigurationIsVisible = 0;
			defaultConfigurationName = Release;
		};
		2D064E4F2ABF294B005A0B24 /* Build configuration list for PBXNativeTarget "Lab_03Tests" */ = {
			isa = XCConfigurationList;
			buildConfigurations = (
				2D064E502ABF294B005A0B24 /* Debug */,
				2D064E512ABF294B005A0B24 /* Release */,
			);
			defaultConfigurationIsVisible = 0;
			defaultConfigurationName = Release;
		};
		2D064E522ABF294B005A0B24 /* Build configuration list for PBXNativeTarget "Lab_03UITests" */ = {
			isa = XCConfigurationList;
			buildConfigurations = (
				2D064E532ABF294B005A0B24 /* Debug */,
				2D064E542ABF294B005A0B24 /* Release */,
			);
			defaultConfigurationIsVisible = 0;
			defaultConfigurationName = Release;
		};
/* End XCConfigurationList section */
	};
	rootObject = 2D064E1A2ABF294A005A0B24 /* Project object */;
}
